
Microsoft Visual Studio Solution File, Format Version 12.00
Project("{FAE04EC0-301F-11D3-BF4B-00C04F79EFBC}") = "SmartLibrary.Domain", "src\SmartLibrary.Domain\SmartLibrary.Domain.csproj", "{432737AA-7E29-44B5-B1AC-55DD5D125A30}"
EndProject
Project("{FAE04EC0-301F-11D3-BF4B-00C04F79EFBC}") = "SmartLibrary.Infrastructure", "src\SmartLibrary.Infrastructure\SmartLibrary.Infrastructure.csproj", "{227BD383-4A6A-4322-BE66-932A82160FC4}"
EndProject
Project("{FAE04EC0-301F-11D3-BF4B-00C04F79EFBC}") = "SmartLibrary.ConsoleApp", "src\SmartLibrary.ConsoleApp\SmartLibrary.ConsoleApp.csproj", "{229A7346-A018-45F1-9C05-47657442B24E}"
EndProject
Global
	GlobalSection(SolutionConfigurationPlatforms) = preSolution
		Debug|Any CPU = Debug|Any CPU
		Release|Any CPU = Release|Any CPU
	EndGlobalSection
	GlobalSection(ProjectConfigurationPlatforms) = postSolution
		{432737AA-7E29-44B5-B1AC-55DD5D125A30}.Debug|Any CPU.ActiveCfg = Debug|Any CPU
		{432737AA-7E29-44B5-B1AC-55DD5D125A30}.Debug|Any CPU.Build.0 = Debug|Any CPU
		{432737AA-7E29-44B5-B1AC-55DD5D125A30}.Release|Any CPU.ActiveCfg = Release|Any CPU
		{432737AA-7E29-44B5-B1AC-55DD5D125A30}.Release|Any CPU.Build.0 = Release|Any CPU
		{227BD383-4A6A-4322-BE66-932A82160FC4}.Debug|Any CPU.ActiveCfg = Debug|Any CPU
		{227BD383-4A6A-4322-BE66-932A82160FC4}.Debug|Any CPU.Build.0 = Debug|Any CPU
		{227BD383-4A6A-4322-BE66-932A82160FC4}.Release|Any CPU.ActiveCfg = Release|Any CPU
		{227BD383-4A6A-4322-BE66-932A82160FC4}.Release|Any CPU.Build.0 = Release|Any CPU
		{229A7346-A018-45F1-9C05-47657442B24E}.Debug|Any CPU.ActiveCfg = Debug|Any CPU
		{229A7346-A018-45F1-9C05-47657442B24E}.Debug|Any CPU.Build.0 = Debug|Any CPU
		{229A7346-A018-45F1-9C05-47657442B24E}.Release|Any CPU.ActiveCfg = Release|Any CPU
		{229A7346-A018-45F1-9C05-47657442B24E}.Release|Any CPU.Build.0 = Release|Any CPU
	EndGlobalSection
EndGlobal
